
Microsoft Visual Studio Solution File, Format Version 12.00
# Visual Studio 15
Project("{FAE04EC0-301F-11D3-BF4B-00C04F79EFBC}") = "Uppgift2", "Uppgift2\Uppgift2.csproj", "{D278415B-5987-4724-B445-8C651F564E60}"
EndProject
Global
	GlobalSection(SolutionConfigurationPlatforms) = preSolution
		Debug|Any CPU = Debug|Any CPU
		Release|Any CPU = Release|Any CPU
	EndGlobalSection
	GlobalSection(ProjectConfigurationPlatforms) = postSolution
		{D278415B-5987-4724-B445-8C651F564E60}.Debug|Any CPU.ActiveCfg = Debug|Any CPU
		{D278415B-5987-4724-B445-8C651F564E60}.Debug|Any CPU.Build.0 = Debug|Any CPU
		{D278415B-5987-4724-B445-8C651F564E60}.Release|Any CPU.ActiveCfg = Release|Any CPU
		{D278415B-5987-4724-B445-8C651F564E60}.Release|Any CPU.Build.0 = Release|Any CPU
	EndGlobalSection
EndGlobal
